{
  "name": "@writetome51/get-rounded-to-precision",
  "version": "1.0.2",
  "lockfileVersion": 1,
  "requires": true,
  "dependencies": {
    "@writetome51/get-cautiously-rounded": {
      "version": "1.0.5",
      "resolved": "https://registry.npmjs.org/@writetome51/get-cautiously-rounded/-/get-cautiously-rounded-1.0.5.tgz",
      "integrity": "sha512-4MzEj22l08q9MBRZS28GAn74QAUyHfDUhn8Zm0ugX82DybLUil+0ofKUbHsxWgJvSyjm4uQYb1RwLBZiI5l8Iw==",
      "requires": {
        "@writetome51/get-right-of-decimal": "~1.0.2",
        "@writetome51/get-rounded-up-down": "~1.0.7",
        "@writetome51/is-odd-is-even": "~1.0.1",
        "basic-data-handling": "~1.0.13"
      }
    },
    "@writetome51/get-left-of-decimal": {
      "version": "1.0.3",
      "resolved": "https://registry.npmjs.org/@writetome51/get-left-of-decimal/-/get-left-of-decimal-1.0.3.tgz",
      "integrity": "sha512-SNsEETSqHEpW2ONAESgRT1ek6/6y2FHYQqKEfYJzisTJ//41KQbZxwGLFZOuIM+xoMnuD/kBDED90/Ngm9n2Ug==",
      "requires": {
        "basic-data-handling": "~1.0.13"
      }
    },
    "@writetome51/get-right-of-decimal": {
      "version": "1.0.3",
      "resolved": "https://registry.npmjs.org/@writetome51/get-right-of-decimal/-/get-right-of-decimal-1.0.3.tgz",
      "integrity": "sha512-uLAcyT+WwS8FYTzjemqA6WAzLkjIT/Rmc6V9NTVaRKSwQnMlY2NqvlaTYgir0TqbCleWuNSZr6y5HEkh2OsmrQ==",
      "requires": {
        "basic-data-handling": "~1.0.13"
      }
    },
    "@writetome51/get-rounded-up-down": {
      "version": "1.0.7",
      "resolved": "https://registry.npmjs.org/@writetome51/get-rounded-up-down/-/get-rounded-up-down-1.0.7.tgz",
      "integrity": "sha512-T1hcMwNRSgvQTOdrKz6dckeG4Msp5HMTkc+ovTzSSIWCYNMr+sTB85lJQWadA0Ey/KGVpAw1r5WgjGukK4mD9Q==",
      "requires": {
        "@writetome51/get-left-of-decimal": "^1.0.3",
        "basic-data-handling": "^1.0.13"
      }
    },
    "@writetome51/get-with-decimal-shifted": {
      "version": "1.0.2",
      "resolved": "https://registry.npmjs.org/@writetome51/get-with-decimal-shifted/-/get-with-decimal-shifted-1.0.2.tgz",
      "integrity": "sha512-kHndDb6N6hmoVp/cEzHiEwon/EXper/9AsSIv1O5uyFYt4F1akDjbvwUsQi/6x5np3JWOTGjsvlN8K0log9BfQ==",
      "requires": {
        "basic-data-handling": "~1.0.13"
      }
    },
    "@writetome51/is-odd-is-even": {
      "version": "1.0.1",
      "resolved": "https://registry.npmjs.org/@writetome51/is-odd-is-even/-/is-odd-is-even-1.0.1.tgz",
      "integrity": "sha512-TWeUE/gqdJ4BIBxysJarfODpCcU4LgGAZvOopnTapZVMp0R9tHq8BvQsPIsqW300zgLGJ/bFQm6smUCVYBtLKg==",
      "requires": {
        "basic-data-handling": "~1.0.13"
      }
    },
    "basic-data-handling": {
      "version": "1.0.13",
      "resolved": "https://registry.npmjs.org/basic-data-handling/-/basic-data-handling-1.0.13.tgz",
      "integrity": "sha512-YRXUq0keESBb4XXzFAStPYJjviRx6CPPSzT/EfpMOLRfBrhnbBeKD2n+kfZyw2zvjreClf16xPF0tDjiLO+ogw=="
    }
  }
}
