{
  "name": "@writetome51/get-rounded-to-precision",
  "version": "2.0.0",
  "lockfileVersion": 1,
  "requires": true,
  "dependencies": {
    "@writetome51/get-cautiously-rounded": {
      "version": "1.0.6",
      "resolved": "https://registry.npmjs.org/@writetome51/get-cautiously-rounded/-/get-cautiously-rounded-1.0.6.tgz",
      "integrity": "sha512-+H7bLJQ2GHmVuwWGUeScitjV/0kS2tFlBonujGttlPwtOtpDNrFG5IH8ny3/e0fa34jymdgxEM/iEm3Pq+zeHw==",
      "requires": {
        "@writetome51/get-right-of-decimal": "~1.0.2",
        "@writetome51/get-rounded-up-down": "~1.0.7",
        "@writetome51/is-odd-is-even": "~1.0.1",
        "basic-data-handling": "~1.0.13"
      }
    },
    "@writetome51/get-left-of-decimal": {
      "version": "1.0.4",
      "resolved": "https://registry.npmjs.org/@writetome51/get-left-of-decimal/-/get-left-of-decimal-1.0.4.tgz",
      "integrity": "sha512-7JYs3MAGAfkC098odGFcaBSVduoXfgEZuq5/Jwvj7ED+ip5iwNHu30NFphZlAR/iY66+zeLi3uGlBTJCVwqong==",
      "requires": {
        "basic-data-handling": "~1.0.15"
      }
    },
    "@writetome51/get-right-of-decimal": {
      "version": "1.0.3",
      "resolved": "https://registry.npmjs.org/@writetome51/get-right-of-decimal/-/get-right-of-decimal-1.0.3.tgz",
      "integrity": "sha512-uLAcyT+WwS8FYTzjemqA6WAzLkjIT/Rmc6V9NTVaRKSwQnMlY2NqvlaTYgir0TqbCleWuNSZr6y5HEkh2OsmrQ==",
      "requires": {
        "basic-data-handling": "~1.0.13"
      }
    },
    "@writetome51/get-rounded-up-down": {
      "version": "1.0.9",
      "resolved": "https://registry.npmjs.org/@writetome51/get-rounded-up-down/-/get-rounded-up-down-1.0.9.tgz",
      "integrity": "sha512-4NV4xMOsF+PvZiNCdW/UJm+cM5hLTjLYKSlUcIbMauzHL6sgNdnfg678WuCWcxrOP2pLpz6riY4vJa0cgLOzQA==",
      "requires": {
        "@writetome51/get-left-of-decimal": "~1.0.4",
        "basic-data-handling": "~1.0.15"
      }
    },
    "@writetome51/get-with-decimal-shifted": {
      "version": "2.0.0",
      "resolved": "https://registry.npmjs.org/@writetome51/get-with-decimal-shifted/-/get-with-decimal-shifted-2.0.0.tgz",
      "integrity": "sha512-wnTkiUon9A7vvODoL0TG9xtGyK/BTb+C7NmyYilw0fg3wXbzHDia8YQzKyQw5mI8XQrMkAz4yoO2vOMWGSWZWA==",
      "requires": {
        "basic-data-handling": "~1.0.15"
      }
    },
    "@writetome51/is-odd-is-even": {
      "version": "1.0.2",
      "resolved": "https://registry.npmjs.org/@writetome51/is-odd-is-even/-/is-odd-is-even-1.0.2.tgz",
      "integrity": "sha512-0XHBKmxq2SoR0HLFDrnfFJ9N3w8paFq8tgnMFAmS/94Q7QanIZFu4wq52Hq+Mlh5F7pn2AnKqgAMib/xNpLV6Q==",
      "requires": {
        "basic-data-handling": "~1.0.15"
      }
    },
    "basic-data-handling": {
      "version": "1.0.15",
      "resolved": "https://registry.npmjs.org/basic-data-handling/-/basic-data-handling-1.0.15.tgz",
      "integrity": "sha512-HyXRwPTfhKacukW4mMJl+3IsFC+5NzMr9flzp+XBJhHol0eAZzLxYqP7w3Cme3cziKcshzoO7Zf/9C+bewJWpA=="
    }
  }
}
